
Microsoft Visual Studio Solution File, Format Version 12.00
Project("{FAE04EC0-301F-11D3-BF4B-00C04F79EFBC}") = "IdentityServer.Data", "IdentityServer.Data\IdentityServer.Data.csproj", "{CE43200F-D357-45D4-A07F-BA2033C77418}"
EndProject
Project("{FAE04EC0-301F-11D3-BF4B-00C04F79EFBC}") = "IdentityServer.Core", "IdentityServer.Core\IdentityServer.Core.csproj", "{35D9EDD5-EE68-4005-813F-F4B21E4B0DB6}"
EndProject
Project("{FAE04EC0-301F-11D3-BF4B-00C04F79EFBC}") = "IdentityServer.UI", "IdentityServer.UI\IdentityServer.UI.csproj", "{9CCBEA51-F806-494D-B822-CEEA3669D51B}"
EndProject
Global
	GlobalSection(SolutionConfigurationPlatforms) = preSolution
		Debug|Any CPU = Debug|Any CPU
		Release|Any CPU = Release|Any CPU
	EndGlobalSection
	GlobalSection(ProjectConfigurationPlatforms) = postSolution
		{CE43200F-D357-45D4-A07F-BA2033C77418}.Debug|Any CPU.ActiveCfg = Debug|Any CPU
		{CE43200F-D357-45D4-A07F-BA2033C77418}.Debug|Any CPU.Build.0 = Debug|Any CPU
		{CE43200F-D357-45D4-A07F-BA2033C77418}.Release|Any CPU.ActiveCfg = Release|Any CPU
		{CE43200F-D357-45D4-A07F-BA2033C77418}.Release|Any CPU.Build.0 = Release|Any CPU
		{35D9EDD5-EE68-4005-813F-F4B21E4B0DB6}.Debug|Any CPU.ActiveCfg = Debug|Any CPU
		{35D9EDD5-EE68-4005-813F-F4B21E4B0DB6}.Debug|Any CPU.Build.0 = Debug|Any CPU
		{35D9EDD5-EE68-4005-813F-F4B21E4B0DB6}.Release|Any CPU.ActiveCfg = Release|Any CPU
		{35D9EDD5-EE68-4005-813F-F4B21E4B0DB6}.Release|Any CPU.Build.0 = Release|Any CPU
		{9CCBEA51-F806-494D-B822-CEEA3669D51B}.Debug|Any CPU.ActiveCfg = Debug|Any CPU
		{9CCBEA51-F806-494D-B822-CEEA3669D51B}.Debug|Any CPU.Build.0 = Debug|Any CPU
		{9CCBEA51-F806-494D-B822-CEEA3669D51B}.Release|Any CPU.ActiveCfg = Release|Any CPU
		{9CCBEA51-F806-494D-B822-CEEA3669D51B}.Release|Any CPU.Build.0 = Release|Any CPU
	EndGlobalSection
EndGlobal
